<?xml version="1.0" encoding="UTF-8"?>
<Project ToolsVersion="12.0" xmlns="http://schemas.microsoft.com/developer/msbuild/2003">
  <ItemGroup>
    <CustomBuild Include="F:\Sem2\PHYSICS\2DPhysicsProject\2DPhysicsProject\PugiXML\PugiXML Build\CMakeFiles\d88dcaf5a6293f130755e5d455b006db\INSTALL_force.rule">
      <Filter>CMake Rules</Filter>
    </CustomBuild>
  </ItemGroup>
  <ItemGroup>
    <Filter Include="CMake Rules">
      <UniqueIdentifier>{6AE3BE90-D449-4A5D-B2B4-FEDE1FE86CED}</UniqueIdentifier>
    </Filter>
  </ItemGroup>
</Project>
